
Microsoft Visual Studio Solution File, Format Version 12.00
# Visual Studio Version 16
VisualStudioVersion = 16.0.30309.148
MinimumVisualStudioVersion = 10.0.40219.1
Project("{8BC9CEB8-8B4A-11D0-8D11-00A0C91BC942}") = "Spawner", "Spawner\Spawner.vcxproj", "{E1419918-1949-4611-BC8E-CBDA1B9C9CE8}"
	ProjectSection(ProjectDependencies) = postProject
		{76A9ECB3-0EE7-46A0-929A-B5266A47A4FA} = {76A9ECB3-0EE7-46A0-929A-B5266A47A4FA}
		{F8A137DB-30ED-439E-ACDC-5D7E74687EDF} = {F8A137DB-30ED-439E-ACDC-5D7E74687EDF}
	EndProjectSection
EndProject
Project("{8BC9CEB8-8B4A-11D0-8D11-00A0C91BC942}") = "Direct3D9", "DLL\DLL.vcxproj", "{F8A137DB-30ED-439E-ACDC-5D7E74687EDF}"
EndProject
Project("{8BC9CEB8-8B4A-11D0-8D11-00A0C91BC942}") = "Child", "Child\Child.vcxproj", "{76A9ECB3-0EE7-46A0-929A-B5266A47A4FA}"
EndProject
Global
	GlobalSection(SolutionConfigurationPlatforms) = preSolution
		Debug|x64 = Debug|x64
		Debug|x86 = Debug|x86
		Release|x64 = Release|x64
		Release|x86 = Release|x86
	EndGlobalSection
	GlobalSection(ProjectConfigurationPlatforms) = postSolution
		{E1419918-1949-4611-BC8E-CBDA1B9C9CE8}.Debug|x64.ActiveCfg = Debug|x64
		{E1419918-1949-4611-BC8E-CBDA1B9C9CE8}.Debug|x64.Build.0 = Debug|x64
		{E1419918-1949-4611-BC8E-CBDA1B9C9CE8}.Debug|x86.ActiveCfg = Debug|Win32
		{E1419918-1949-4611-BC8E-CBDA1B9C9CE8}.Debug|x86.Build.0 = Debug|Win32
		{E1419918-1949-4611-BC8E-CBDA1B9C9CE8}.Release|x64.ActiveCfg = Release|x64
		{E1419918-1949-4611-BC8E-CBDA1B9C9CE8}.Release|x64.Build.0 = Release|x64
		{E1419918-1949-4611-BC8E-CBDA1B9C9CE8}.Release|x86.ActiveCfg = Release|Win32
		{E1419918-1949-4611-BC8E-CBDA1B9C9CE8}.Release|x86.Build.0 = Release|Win32
		{F8A137DB-30ED-439E-ACDC-5D7E74687EDF}.Debug|x64.ActiveCfg = Debug|x64
		{F8A137DB-30ED-439E-ACDC-5D7E74687EDF}.Debug|x64.Build.0 = Debug|x64
		{F8A137DB-30ED-439E-ACDC-5D7E74687EDF}.Debug|x86.ActiveCfg = Debug|Win32
		{F8A137DB-30ED-439E-ACDC-5D7E74687EDF}.Debug|x86.Build.0 = Debug|Win32
		{F8A137DB-30ED-439E-ACDC-5D7E74687EDF}.Release|x64.ActiveCfg = Release|x64
		{F8A137DB-30ED-439E-ACDC-5D7E74687EDF}.Release|x64.Build.0 = Release|x64
		{F8A137DB-30ED-439E-ACDC-5D7E74687EDF}.Release|x86.ActiveCfg = Release|Win32
		{F8A137DB-30ED-439E-ACDC-5D7E74687EDF}.Release|x86.Build.0 = Release|Win32
		{76A9ECB3-0EE7-46A0-929A-B5266A47A4FA}.Debug|x64.ActiveCfg = Debug|x64
		{76A9ECB3-0EE7-46A0-929A-B5266A47A4FA}.Debug|x64.Build.0 = Debug|x64
		{76A9ECB3-0EE7-46A0-929A-B5266A47A4FA}.Debug|x86.ActiveCfg = Debug|Win32
		{76A9ECB3-0EE7-46A0-929A-B5266A47A4FA}.Debug|x86.Build.0 = Debug|Win32
		{76A9ECB3-0EE7-46A0-929A-B5266A47A4FA}.Release|x64.ActiveCfg = Release|x64
		{76A9ECB3-0EE7-46A0-929A-B5266A47A4FA}.Release|x64.Build.0 = Release|x64
		{76A9ECB3-0EE7-46A0-929A-B5266A47A4FA}.Release|x86.ActiveCfg = Release|Win32
		{76A9ECB3-0EE7-46A0-929A-B5266A47A4FA}.Release|x86.Build.0 = Release|Win32
	EndGlobalSection
	GlobalSection(SolutionProperties) = preSolution
		HideSolutionNode = FALSE
	EndGlobalSection
	GlobalSection(ExtensibilityGlobals) = postSolution
		SolutionGuid = {6ABFED27-BEF3-42AA-8975-D8FF1E8C1BA1}
	EndGlobalSection
EndGlobal
